// !$*UTF8*$!
{
	archiveVersion = 1;
	classes = {
	};
	objectVersion = 51;
	objects = {

/* Begin PBXBuildFile section */
		2F92ADCF2607D19000A0514B /* credentials.plist in Resources */ = {isa = PBXBuildFile; fileRef = 2F92ADCE2607D19000A0514B /* credentials.plist */; };
		2F92ADD22607D4F100A0514B /* UserID.swift in Sources */ = {isa = PBXBuildFile; fileRef = 2F92ADD12607D4F100A0514B /* UserID.swift */; };
		2F92ADD62607D56C00A0514B /* SigninVC.swift in Sources */ = {isa = PBXBuildFile; fileRef = 2F92ADD52607D56C00A0514B /* SigninVC.swift */; };
		6CFE4BFB261A978200E87D54 /* PopUpViewController.swift in Sources */ = {isa = PBXBuildFile; fileRef = 6CFE4BFA261A978200E87D54 /* PopUpViewController.swift */; };
		7B6768FD184653727FAD4D77 /* Pods_treasure.framework in Frameworks */ = {isa = PBXBuildFile; fileRef = 29F752C734AD77F9443A7F0C /* Pods_treasure.framework */; };
		81911B9F260FC379008CBEDD /* ARCameraVC.swift in Sources */ = {isa = PBXBuildFile; fileRef = 81911B9E260FC379008CBEDD /* ARCameraVC.swift */; };
		81911BA4260FCB3B008CBEDD /* art.scnassets in Resources */ = {isa = PBXBuildFile; fileRef = 81911BA3260FCB3B008CBEDD /* art.scnassets */; };
		81911BA8260FD167008CBEDD /* spark.png in Resources */ = {isa = PBXBuildFile; fileRef = 81911BA6260FD167008CBEDD /* spark.png */; };
		81911BA9260FD167008CBEDD /* Fireball.scnp in Resources */ = {isa = PBXBuildFile; fileRef = 81911BA7260FD167008CBEDD /* Fireball.scnp */; };
		81BF783E25FD9EA6004F965F /* PuzzlesVC.swift in Sources */ = {isa = PBXBuildFile; fileRef = 81BF783D25FD9EA6004F965F /* PuzzlesVC.swift */; };
		81C51A8C25FBAF9800ACF933 /* AppDelegate.swift in Sources */ = {isa = PBXBuildFile; fileRef = 81C51A8B25FBAF9800ACF933 /* AppDelegate.swift */; };
		81C51A8E25FBAF9800ACF933 /* SceneDelegate.swift in Sources */ = {isa = PBXBuildFile; fileRef = 81C51A8D25FBAF9800ACF933 /* SceneDelegate.swift */; };
		81C51A9025FBAF9800ACF933 /* PostVC.swift in Sources */ = {isa = PBXBuildFile; fileRef = 81C51A8F25FBAF9800ACF933 /* PostVC.swift */; };
		81C51A9325FBAF9800ACF933 /* Main.storyboard in Resources */ = {isa = PBXBuildFile; fileRef = 81C51A9125FBAF9800ACF933 /* Main.storyboard */; };
		81C51A9525FBAF9900ACF933 /* Assets.xcassets in Resources */ = {isa = PBXBuildFile; fileRef = 81C51A9425FBAF9900ACF933 /* Assets.xcassets */; };
		81C51A9825FBAF9900ACF933 /* LaunchScreen.storyboard in Resources */ = {isa = PBXBuildFile; fileRef = 81C51A9625FBAF9900ACF933 /* LaunchScreen.storyboard */; };
		81C51AA325FC650B00ACF933 /* Game.swift in Sources */ = {isa = PBXBuildFile; fileRef = 81C51AA225FC650B00ACF933 /* Game.swift */; };
		81C51AA625FC652D00ACF933 /* GamesStore.swift in Sources */ = {isa = PBXBuildFile; fileRef = 81C51AA525FC652D00ACF933 /* GamesStore.swift */; };
		81C51AAA25FC691700ACF933 /* GeoData.swift in Sources */ = {isa = PBXBuildFile; fileRef = 81C51AA925FC691700ACF933 /* GeoData.swift */; };
		81C51AB325FC6F8F00ACF933 /* MainVC.swift in Sources */ = {isa = PBXBuildFile; fileRef = 81C51AB225FC6F8F00ACF933 /* MainVC.swift */; };
		81C51AB625FC72CF00ACF933 /* GameTableCell.swift in Sources */ = {isa = PBXBuildFile; fileRef = 81C51AB525FC72CF00ACF933 /* GameTableCell.swift */; };
		81C51ABC25FC8CE000ACF933 /* MapsVC.swift in Sources */ = {isa = PBXBuildFile; fileRef = 81C51ABB25FC8CE000ACF933 /* MapsVC.swift */; };
		81CD8B4D260924B1006A1632 /* PuzzleCell.swift in Sources */ = {isa = PBXBuildFile; fileRef = 81CD8B4C260924B1006A1632 /* PuzzleCell.swift */; };
		AD509801260F63AB000E6602 /* GameInfo.swift in Sources */ = {isa = PBXBuildFile; fileRef = AD509800260F63AB000E6602 /* GameInfo.swift */; };
/* End PBXBuildFile section */

/* Begin PBXFileReference section */
		23106864D09497CFF3746B19 /* Pods-treasure.release.xcconfig */ = {isa = PBXFileReference; includeInIndex = 1; lastKnownFileType = text.xcconfig; name = "Pods-treasure.release.xcconfig"; path = "Target Support Files/Pods-treasure/Pods-treasure.release.xcconfig"; sourceTree = "<group>"; };
		29F752C734AD77F9443A7F0C /* Pods_treasure.framework */ = {isa = PBXFileReference; explicitFileType = wrapper.framework; includeInIndex = 0; path = Pods_treasure.framework; sourceTree = BUILT_PRODUCTS_DIR; };
		2F92ADCE2607D19000A0514B /* credentials.plist */ = {isa = PBXFileReference; fileEncoding = 4; lastKnownFileType = text.plist.xml; path = credentials.plist; sourceTree = "<group>"; };
		2F92ADD12607D4F100A0514B /* UserID.swift */ = {isa = PBXFileReference; lastKnownFileType = sourcecode.swift; path = UserID.swift; sourceTree = "<group>"; };
		2F92ADD52607D56C00A0514B /* SigninVC.swift */ = {isa = PBXFileReference; fileEncoding = 4; lastKnownFileType = sourcecode.swift; path = SigninVC.swift; sourceTree = "<group>"; };
		6CFE4BFA261A978200E87D54 /* PopUpViewController.swift */ = {isa = PBXFileReference; lastKnownFileType = sourcecode.swift; path = PopUpViewController.swift; sourceTree = "<group>"; };
		81911B9E260FC379008CBEDD /* ARCameraVC.swift */ = {isa = PBXFileReference; lastKnownFileType = sourcecode.swift; path = ARCameraVC.swift; sourceTree = "<group>"; };
		81911BA3260FCB3B008CBEDD /* art.scnassets */ = {isa = PBXFileReference; lastKnownFileType = wrapper.scnassets; path = art.scnassets; sourceTree = "<group>"; };
		81911BA6260FD167008CBEDD /* spark.png */ = {isa = PBXFileReference; lastKnownFileType = image.png; path = spark.png; sourceTree = "<group>"; };
		81911BA7260FD167008CBEDD /* Fireball.scnp */ = {isa = PBXFileReference; lastKnownFileType = file.scp; path = Fireball.scnp; sourceTree = "<group>"; };
		81BF783D25FD9EA6004F965F /* PuzzlesVC.swift */ = {isa = PBXFileReference; lastKnownFileType = sourcecode.swift; path = PuzzlesVC.swift; sourceTree = "<group>"; };
		81C51A8825FBAF9800ACF933 /* treasure.app */ = {isa = PBXFileReference; explicitFileType = wrapper.application; includeInIndex = 0; path = treasure.app; sourceTree = BUILT_PRODUCTS_DIR; };
		81C51A8B25FBAF9800ACF933 /* AppDelegate.swift */ = {isa = PBXFileReference; lastKnownFileType = sourcecode.swift; path = AppDelegate.swift; sourceTree = "<group>"; };
		81C51A8D25FBAF9800ACF933 /* SceneDelegate.swift */ = {isa = PBXFileReference; lastKnownFileType = sourcecode.swift; path = SceneDelegate.swift; sourceTree = "<group>"; };
		81C51A8F25FBAF9800ACF933 /* PostVC.swift */ = {isa = PBXFileReference; lastKnownFileType = sourcecode.swift; path = PostVC.swift; sourceTree = "<group>"; };
		81C51A9225FBAF9800ACF933 /* Base */ = {isa = PBXFileReference; lastKnownFileType = file.storyboard; name = Base; path = Base.lproj/Main.storyboard; sourceTree = "<group>"; };
		81C51A9425FBAF9900ACF933 /* Assets.xcassets */ = {isa = PBXFileReference; lastKnownFileType = folder.assetcatalog; path = Assets.xcassets; sourceTree = "<group>"; };
		81C51A9725FBAF9900ACF933 /* Base */ = {isa = PBXFileReference; lastKnownFileType = file.storyboard; name = Base; path = Base.lproj/LaunchScreen.storyboard; sourceTree = "<group>"; };
		81C51A9925FBAF9900ACF933 /* Info.plist */ = {isa = PBXFileReference; lastKnownFileType = text.plist.xml; path = Info.plist; sourceTree = "<group>"; };
		81C51AA225FC650B00ACF933 /* Game.swift */ = {isa = PBXFileReference; lastKnownFileType = sourcecode.swift; path = Game.swift; sourceTree = "<group>"; };
		81C51AA525FC652D00ACF933 /* GamesStore.swift */ = {isa = PBXFileReference; lastKnownFileType = sourcecode.swift; path = GamesStore.swift; sourceTree = "<group>"; };
		81C51AA925FC691700ACF933 /* GeoData.swift */ = {isa = PBXFileReference; lastKnownFileType = sourcecode.swift; path = GeoData.swift; sourceTree = "<group>"; };
		81C51AB225FC6F8F00ACF933 /* MainVC.swift */ = {isa = PBXFileReference; lastKnownFileType = sourcecode.swift; path = MainVC.swift; sourceTree = "<group>"; };
		81C51AB525FC72CF00ACF933 /* GameTableCell.swift */ = {isa = PBXFileReference; lastKnownFileType = sourcecode.swift; path = GameTableCell.swift; sourceTree = "<group>"; };
		81C51ABB25FC8CE000ACF933 /* MapsVC.swift */ = {isa = PBXFileReference; lastKnownFileType = sourcecode.swift; path = MapsVC.swift; sourceTree = "<group>"; };
		81CD8B4C260924B1006A1632 /* PuzzleCell.swift */ = {isa = PBXFileReference; fileEncoding = 4; lastKnownFileType = sourcecode.swift; path = PuzzleCell.swift; sourceTree = "<group>"; };
		AD509800260F63AB000E6602 /* GameInfo.swift */ = {isa = PBXFileReference; lastKnownFileType = sourcecode.swift; path = GameInfo.swift; sourceTree = "<group>"; };
		CBA52ACCE0E73D54DE78AA27 /* Pods-treasure.debug.xcconfig */ = {isa = PBXFileReference; includeInIndex = 1; lastKnownFileType = text.xcconfig; name = "Pods-treasure.debug.xcconfig"; path = "Target Support Files/Pods-treasure/Pods-treasure.debug.xcconfig"; sourceTree = "<group>"; };
/* End PBXFileReference section */

/* Begin PBXFrameworksBuildPhase section */
		81C51A8525FBAF9800ACF933 /* Frameworks */ = {
			isa = PBXFrameworksBuildPhase;
			buildActionMask = 2147483647;
			files = (
				7B6768FD184653727FAD4D77 /* Pods_treasure.framework in Frameworks */,
			);
			runOnlyForDeploymentPostprocessing = 0;
		};
/* End PBXFrameworksBuildPhase section */

/* Begin PBXGroup section */
		81C51A7F25FBAF9700ACF933 = {
			isa = PBXGroup;
			children = (
				2F92ADCE2607D19000A0514B /* credentials.plist */,
				81C51A8A25FBAF9800ACF933 /* treasure */,
				81C51A8925FBAF9800ACF933 /* Products */,
				FB41B9167A794E8E2BCA1C34 /* Pods */,
				A7CB6164AB2D63DD446C84E8 /* Frameworks */,
			);
			sourceTree = "<group>";
		};
		81C51A8925FBAF9800ACF933 /* Products */ = {
			isa = PBXGroup;
			children = (
				81C51A8825FBAF9800ACF933 /* treasure.app */,
			);
			name = Products;
			sourceTree = "<group>";
		};
		81C51A8A25FBAF9800ACF933 /* treasure */ = {
			isa = PBXGroup;
			children = (
				81911BA7260FD167008CBEDD /* Fireball.scnp */,
				81911BA6260FD167008CBEDD /* spark.png */,
				81911BA3260FCB3B008CBEDD /* art.scnassets */,
				81CD8B4C260924B1006A1632 /* PuzzleCell.swift */,
				81C51A8B25FBAF9800ACF933 /* AppDelegate.swift */,
				81C51A8D25FBAF9800ACF933 /* SceneDelegate.swift */,
				81C51AA225FC650B00ACF933 /* Game.swift */,
				81C51A8F25FBAF9800ACF933 /* PostVC.swift */,
				81C51A9125FBAF9800ACF933 /* Main.storyboard */,
				6CFE4BFA261A978200E87D54 /* PopUpViewController.swift */,
				81C51A9425FBAF9900ACF933 /* Assets.xcassets */,
				81C51A9625FBAF9900ACF933 /* LaunchScreen.storyboard */,
				81C51A9925FBAF9900ACF933 /* Info.plist */,
				81C51AA525FC652D00ACF933 /* GamesStore.swift */,
				81C51AA925FC691700ACF933 /* GeoData.swift */,
				2F92ADD52607D56C00A0514B /* SigninVC.swift */,
				81C51AB225FC6F8F00ACF933 /* MainVC.swift */,
				81C51AB525FC72CF00ACF933 /* GameTableCell.swift */,
				81C51ABB25FC8CE000ACF933 /* MapsVC.swift */,
				81BF783D25FD9EA6004F965F /* PuzzlesVC.swift */,
				2F92ADD12607D4F100A0514B /* UserID.swift */,
				AD509800260F63AB000E6602 /* GameInfo.swift */,
				81911B9E260FC379008CBEDD /* ARCameraVC.swift */,
			);
			path = treasure;
			sourceTree = "<group>";
		};
		A7CB6164AB2D63DD446C84E8 /* Frameworks */ = {
			isa = PBXGroup;
			children = (
				29F752C734AD77F9443A7F0C /* Pods_treasure.framework */,
			);
			name = Frameworks;
			sourceTree = "<group>";
		};
		FB41B9167A794E8E2BCA1C34 /* Pods */ = {
			isa = PBXGroup;
			children = (
				CBA52ACCE0E73D54DE78AA27 /* Pods-treasure.debug.xcconfig */,
				23106864D09497CFF3746B19 /* Pods-treasure.release.xcconfig */,
			);
			path = Pods;
			sourceTree = "<group>";
		};
/* End PBXGroup section */

/* Begin PBXNativeTarget section */
		81C51A8725FBAF9800ACF933 /* treasure */ = {
			isa = PBXNativeTarget;
			buildConfigurationList = 81C51A9C25FBAF9900ACF933 /* Build configuration list for PBXNativeTarget "treasure" */;
			buildPhases = (
				B6F458AFE9FD6B895CD6954E /* [CP] Check Pods Manifest.lock */,
				81C51A8425FBAF9800ACF933 /* Sources */,
				81C51A8525FBAF9800ACF933 /* Frameworks */,
				81C51A8625FBAF9800ACF933 /* Resources */,
				422DA8194D696C3F65D7FCBE /* [CP] Embed Pods Frameworks */,
				D31B71CAB2AC409E21B556D2 /* [CP] Copy Pods Resources */,
			);
			buildRules = (
			);
			dependencies = (
			);
			name = treasure;
			productName = treasure;
			productReference = 81C51A8825FBAF9800ACF933 /* treasure.app */;
			productType = "com.apple.product-type.application";
		};
/* End PBXNativeTarget section */

/* Begin PBXProject section */
		81C51A8025FBAF9700ACF933 /* Project object */ = {
			isa = PBXProject;
			attributes = {
				LastSwiftUpdateCheck = 1240;
				LastUpgradeCheck = 1240;
				TargetAttributes = {
					81C51A8725FBAF9800ACF933 = {
						CreatedOnToolsVersion = 12.4;
						LastSwiftMigration = 1240;
					};
				};
			};
			buildConfigurationList = 81C51A8325FBAF9700ACF933 /* Build configuration list for PBXProject "treasure" */;
			compatibilityVersion = "Xcode 9.3";
			developmentRegion = en;
			hasScannedForEncodings = 0;
			knownRegions = (
				en,
				Base,
			);
			mainGroup = 81C51A7F25FBAF9700ACF933;
			productRefGroup = 81C51A8925FBAF9800ACF933 /* Products */;
			projectDirPath = "";
			projectRoot = "";
			targets = (
				81C51A8725FBAF9800ACF933 /* treasure */,
			);
		};
/* End PBXProject section */

/* Begin PBXResourcesBuildPhase section */
		81C51A8625FBAF9800ACF933 /* Resources */ = {
			isa = PBXResourcesBuildPhase;
			buildActionMask = 2147483647;
			files = (
				2F92ADCF2607D19000A0514B /* credentials.plist in Resources */,
				81911BA8260FD167008CBEDD /* spark.png in Resources */,
				81C51A9825FBAF9900ACF933 /* LaunchScreen.storyboard in Resources */,
				81911BA4260FCB3B008CBEDD /* art.scnassets in Resources */,
				81911BA9260FD167008CBEDD /* Fireball.scnp in Resources */,
				81C51A9525FBAF9900ACF933 /* Assets.xcassets in Resources */,
				81C51A9325FBAF9800ACF933 /* Main.storyboard in Resources */,
			);
			runOnlyForDeploymentPostprocessing = 0;
		};
/* End PBXResourcesBuildPhase section */

/* Begin PBXShellScriptBuildPhase section */
		422DA8194D696C3F65D7FCBE /* [CP] Embed Pods Frameworks */ = {
			isa = PBXShellScriptBuildPhase;
			buildActionMask = 2147483647;
			files = (
			);
			inputFileListPaths = (
				"${PODS_ROOT}/Target Support Files/Pods-treasure/Pods-treasure-frameworks-${CONFIGURATION}-input-files.xcfilelist",
			);
			name = "[CP] Embed Pods Frameworks";
			outputFileListPaths = (
				"${PODS_ROOT}/Target Support Files/Pods-treasure/Pods-treasure-frameworks-${CONFIGURATION}-output-files.xcfilelist",
			);
			runOnlyForDeploymentPostprocessing = 0;
			shellPath = /bin/sh;
			shellScript = "\"${PODS_ROOT}/Target Support Files/Pods-treasure/Pods-treasure-frameworks.sh\"\n";
			showEnvVarsInLog = 0;
		};
		B6F458AFE9FD6B895CD6954E /* [CP] Check Pods Manifest.lock */ = {
			isa = PBXShellScriptBuildPhase;
			buildActionMask = 2147483647;
			files = (
			);
			inputFileListPaths = (
			);
			inputPaths = (
				"${PODS_PODFILE_DIR_PATH}/Podfile.lock",
				"${PODS_ROOT}/Manifest.lock",
			);
			name = "[CP] Check Pods Manifest.lock";
			outputFileListPaths = (
			);
			outputPaths = (
				"$(DERIVED_FILE_DIR)/Pods-treasure-checkManifestLockResult.txt",
			);
			runOnlyForDeploymentPostprocessing = 0;
			shellPath = /bin/sh;
			shellScript = "diff \"${PODS_PODFILE_DIR_PATH}/Podfile.lock\" \"${PODS_ROOT}/Manifest.lock\" > /dev/null\nif [ $? != 0 ] ; then\n    # print error to STDERR\n    echo \"error: The sandbox is not in sync with the Podfile.lock. Run 'pod install' or update your CocoaPods installation.\" >&2\n    exit 1\nfi\n# This output is used by Xcode 'outputs' to avoid re-running this script phase.\necho \"SUCCESS\" > \"${SCRIPT_OUTPUT_FILE_0}\"\n";
			showEnvVarsInLog = 0;
		};
		D31B71CAB2AC409E21B556D2 /* [CP] Copy Pods Resources */ = {
			isa = PBXShellScriptBuildPhase;
			buildActionMask = 2147483647;
			files = (
			);
			inputFileListPaths = (
				"${PODS_ROOT}/Target Support Files/Pods-treasure/Pods-treasure-resources-${CONFIGURATION}-input-files.xcfilelist",
			);
			name = "[CP] Copy Pods Resources";
			outputFileListPaths = (
				"${PODS_ROOT}/Target Support Files/Pods-treasure/Pods-treasure-resources-${CONFIGURATION}-output-files.xcfilelist",
			);
			runOnlyForDeploymentPostprocessing = 0;
			shellPath = /bin/sh;
			shellScript = "\"${PODS_ROOT}/Target Support Files/Pods-treasure/Pods-treasure-resources.sh\"\n";
			showEnvVarsInLog = 0;
		};
/* End PBXShellScriptBuildPhase section */

/* Begin PBXSourcesBuildPhase section */
		81C51A8425FBAF9800ACF933 /* Sources */ = {
			isa = PBXSourcesBuildPhase;
			buildActionMask = 2147483647;
			files = (
				81C51AB625FC72CF00ACF933 /* GameTableCell.swift in Sources */,
				81C51A9025FBAF9800ACF933 /* PostVC.swift in Sources */,
				81BF783E25FD9EA6004F965F /* PuzzlesVC.swift in Sources */,
				81C51AAA25FC691700ACF933 /* GeoData.swift in Sources */,
				81C51AA625FC652D00ACF933 /* GamesStore.swift in Sources */,
				81C51A8C25FBAF9800ACF933 /* AppDelegate.swift in Sources */,
				81C51ABC25FC8CE000ACF933 /* MapsVC.swift in Sources */,
				6CFE4BFB261A978200E87D54 /* PopUpViewController.swift in Sources */,
				81911B9F260FC379008CBEDD /* ARCameraVC.swift in Sources */,
				AD509801260F63AB000E6602 /* GameInfo.swift in Sources */,
				81C51A8E25FBAF9800ACF933 /* SceneDelegate.swift in Sources */,
				81CD8B4D260924B1006A1632 /* PuzzleCell.swift in Sources */,
				2F92ADD22607D4F100A0514B /* UserID.swift in Sources */,
				81C51AA325FC650B00ACF933 /* Game.swift in Sources */,
				2F92ADD62607D56C00A0514B /* SigninVC.swift in Sources */,
				81C51AB325FC6F8F00ACF933 /* MainVC.swift in Sources */,
			);
			runOnlyForDeploymentPostprocessing = 0;
		};
/* End PBXSourcesBuildPhase section */

/* Begin PBXVariantGroup section */
		81C51A9125FBAF9800ACF933 /* Main.storyboard */ = {
			isa = PBXVariantGroup;
			children = (
				81C51A9225FBAF9800ACF933 /* Base */,
			);
			name = Main.storyboard;
			sourceTree = "<group>";
		};
		81C51A9625FBAF9900ACF933 /* LaunchScreen.storyboard */ = {
			isa = PBXVariantGroup;
			children = (
				81C51A9725FBAF9900ACF933 /* Base */,
			);
			name = LaunchScreen.storyboard;
			sourceTree = "<group>";
		};
/* End PBXVariantGroup section */

/* Begin XCBuildConfiguration section */
		81C51A9A25FBAF9900ACF933 /* Debug */ = {
			isa = XCBuildConfiguration;
			buildSettings = {
				ALWAYS_SEARCH_USER_PATHS = NO;
				CLANG_ANALYZER_NONNULL = YES;
				CLANG_ANALYZER_NUMBER_OBJECT_CONVERSION = YES_AGGRESSIVE;
				CLANG_CXX_LANGUAGE_STANDARD = "gnu++14";
				CLANG_CXX_LIBRARY = "libc++";
				CLANG_ENABLE_MODULES = YES;
				CLANG_ENABLE_OBJC_ARC = YES;
				CLANG_ENABLE_OBJC_WEAK = YES;
				CLANG_WARN_BLOCK_CAPTURE_AUTORELEASING = YES;
				CLANG_WARN_BOOL_CONVERSION = YES;
				CLANG_WARN_COMMA = YES;
				CLANG_WARN_CONSTANT_CONVERSION = YES;
				CLANG_WARN_DEPRECATED_OBJC_IMPLEMENTATIONS = YES;
				CLANG_WARN_DIRECT_OBJC_ISA_USAGE = YES_ERROR;
				CLANG_WARN_DOCUMENTATION_COMMENTS = YES;
				CLANG_WARN_EMPTY_BODY = YES;
				CLANG_WARN_ENUM_CONVERSION = YES;
				CLANG_WARN_INFINITE_RECURSION = YES;
				CLANG_WARN_INT_CONVERSION = YES;
				CLANG_WARN_NON_LITERAL_NULL_CONVERSION = YES;
				CLANG_WARN_OBJC_IMPLICIT_RETAIN_SELF = YES;
				CLANG_WARN_OBJC_LITERAL_CONVERSION = YES;
				CLANG_WARN_OBJC_ROOT_CLASS = YES_ERROR;
				CLANG_WARN_QUOTED_INCLUDE_IN_FRAMEWORK_HEADER = YES;
				CLANG_WARN_RANGE_LOOP_ANALYSIS = YES;
				CLANG_WARN_STRICT_PROTOTYPES = YES;
				CLANG_WARN_SUSPICIOUS_MOVE = YES;
				CLANG_WARN_UNGUARDED_AVAILABILITY = YES_AGGRESSIVE;
				CLANG_WARN_UNREACHABLE_CODE = YES;
				CLANG_WARN__DUPLICATE_METHOD_MATCH = YES;
				COPY_PHASE_STRIP = NO;
				DEBUG_INFORMATION_FORMAT = dwarf;
				ENABLE_STRICT_OBJC_MSGSEND = YES;
				ENABLE_TESTABILITY = YES;
				GCC_C_LANGUAGE_STANDARD = gnu11;
				GCC_DYNAMIC_NO_PIC = NO;
				GCC_NO_COMMON_BLOCKS = YES;
				GCC_OPTIMIZATION_LEVEL = 0;
				GCC_PREPROCESSOR_DEFINITIONS = (
					"DEBUG=1",
					"$(inherited)",
				);
				GCC_WARN_64_TO_32_BIT_CONVERSION = YES;
				GCC_WARN_ABOUT_RETURN_TYPE = YES_ERROR;
				GCC_WARN_UNDECLARED_SELECTOR = YES;
				GCC_WARN_UNINITIALIZED_AUTOS = YES_AGGRESSIVE;
				GCC_WARN_UNUSED_FUNCTION = YES;
				GCC_WARN_UNUSED_VARIABLE = YES;
				IPHONEOS_DEPLOYMENT_TARGET = 14.4;
				MTL_ENABLE_DEBUG_INFO = INCLUDE_SOURCE;
				MTL_FAST_MATH = YES;
				ONLY_ACTIVE_ARCH = YES;
				SDKROOT = iphoneos;
				SWIFT_ACTIVE_COMPILATION_CONDITIONS = DEBUG;
				SWIFT_OPTIMIZATION_LEVEL = "-Onone";
			};
			name = Debug;
		};
		81C51A9B25FBAF9900ACF933 /* Release */ = {
			isa = XCBuildConfiguration;
			buildSettings = {
				ALWAYS_SEARCH_USER_PATHS = NO;
				CLANG_ANALYZER_NONNULL = YES;
				CLANG_ANALYZER_NUMBER_OBJECT_CONVERSION = YES_AGGRESSIVE;
				CLANG_CXX_LANGUAGE_STANDARD = "gnu++14";
				CLANG_CXX_LIBRARY = "libc++";
				CLANG_ENABLE_MODULES = YES;
				CLANG_ENABLE_OBJC_ARC = YES;
				CLANG_ENABLE_OBJC_WEAK = YES;
				CLANG_WARN_BLOCK_CAPTURE_AUTORELEASING = YES;
				CLANG_WARN_BOOL_CONVERSION = YES;
				CLANG_WARN_COMMA = YES;
				CLANG_WARN_CONSTANT_CONVERSION = YES;
				CLANG_WARN_DEPRECATED_OBJC_IMPLEMENTATIONS = YES;
				CLANG_WARN_DIRECT_OBJC_ISA_USAGE = YES_ERROR;
				CLANG_WARN_DOCUMENTATION_COMMENTS = YES;
				CLANG_WARN_EMPTY_BODY = YES;
				CLANG_WARN_ENUM_CONVERSION = YES;
				CLANG_WARN_INFINITE_RECURSION = YES;
				CLANG_WARN_INT_CONVERSION = YES;
				CLANG_WARN_NON_LITERAL_NULL_CONVERSION = YES;
				CLANG_WARN_OBJC_IMPLICIT_RETAIN_SELF = YES;
				CLANG_WARN_OBJC_LITERAL_CONVERSION = YES;
				CLANG_WARN_OBJC_ROOT_CLASS = YES_ERROR;
				CLANG_WARN_QUOTED_INCLUDE_IN_FRAMEWORK_HEADER = YES;
				CLANG_WARN_RANGE_LOOP_ANALYSIS = YES;
				CLANG_WARN_STRICT_PROTOTYPES = YES;
				CLANG_WARN_SUSPICIOUS_MOVE = YES;
				CLANG_WARN_UNGUARDED_AVAILABILITY = YES_AGGRESSIVE;
				CLANG_WARN_UNREACHABLE_CODE = YES;
				CLANG_WARN__DUPLICATE_METHOD_MATCH = YES;
				COPY_PHASE_STRIP = NO;
				DEBUG_INFORMATION_FORMAT = "dwarf-with-dsym";
				ENABLE_NS_ASSERTIONS = NO;
				ENABLE_STRICT_OBJC_MSGSEND = YES;
				GCC_C_LANGUAGE_STANDARD = gnu11;
				GCC_NO_COMMON_BLOCKS = YES;
				GCC_WARN_64_TO_32_BIT_CONVERSION = YES;
				GCC_WARN_ABOUT_RETURN_TYPE = YES_ERROR;
				GCC_WARN_UNDECLARED_SELECTOR = YES;
				GCC_WARN_UNINITIALIZED_AUTOS = YES_AGGRESSIVE;
				GCC_WARN_UNUSED_FUNCTION = YES;
				GCC_WARN_UNUSED_VARIABLE = YES;
				IPHONEOS_DEPLOYMENT_TARGET = 14.4;
				MTL_ENABLE_DEBUG_INFO = NO;
				MTL_FAST_MATH = YES;
				SDKROOT = iphoneos;
				SWIFT_COMPILATION_MODE = wholemodule;
				SWIFT_OPTIMIZATION_LEVEL = "-O";
				VALIDATE_PRODUCT = YES;
			};
			name = Release;
		};
		81C51A9D25FBAF9900ACF933 /* Debug */ = {
			isa = XCBuildConfiguration;
			baseConfigurationReference = CBA52ACCE0E73D54DE78AA27 /* Pods-treasure.debug.xcconfig */;
			buildSettings = {
				ASSETCATALOG_COMPILER_APPICON_NAME = AppIcon;
				ASSETCATALOG_COMPILER_GLOBAL_ACCENT_COLOR_NAME = AccentColor;
				CLANG_ENABLE_MODULES = YES;
				CODE_SIGN_IDENTITY = "Apple Development";
				CODE_SIGN_STYLE = Automatic;
				DEVELOPMENT_TEAM = ARD29H66P5;
				INFOPLIST_FILE = treasure/Info.plist;
				IPHONEOS_DEPLOYMENT_TARGET = 13.6;
				LD_RUNPATH_SEARCH_PATHS = (
					"$(inherited)",
					"@executable_path/Frameworks",
				);
				PRODUCT_BUNDLE_IDENTIFIER = edu.umich.xinyun.treasure;
				PRODUCT_NAME = "$(TARGET_NAME)";
				PROVISIONING_PROFILE_SPECIFIER = "";
				SWIFT_OPTIMIZATION_LEVEL = "-Onone";
				SWIFT_VERSION = 5.0;
				TARGETED_DEVICE_FAMILY = 1;
			};
			name = Debug;
		};
		81C51A9E25FBAF9900ACF933 /* Release */ = {
			isa = XCBuildConfiguration;
			baseConfigurationReference = 23106864D09497CFF3746B19 /* Pods-treasure.release.xcconfig */;
			buildSettings = {
				ASSETCATALOG_COMPILER_APPICON_NAME = AppIcon;
				ASSETCATALOG_COMPILER_GLOBAL_ACCENT_COLOR_NAME = AccentColor;
				CLANG_ENABLE_MODULES = YES;
				CODE_SIGN_IDENTITY = "Apple Development";
				CODE_SIGN_STYLE = Automatic;
				DEVELOPMENT_TEAM = ARD29H66P5;
				INFOPLIST_FILE = treasure/Info.plist;
				IPHONEOS_DEPLOYMENT_TARGET = 13.6;
				LD_RUNPATH_SEARCH_PATHS = (
					"$(inherited)",
					"@executable_path/Frameworks",
				);
				PRODUCT_BUNDLE_IDENTIFIER = edu.umich.xinyun.treasure;
				PRODUCT_NAME = "$(TARGET_NAME)";
				PROVISIONING_PROFILE_SPECIFIER = "";
				SWIFT_VERSION = 5.0;
				TARGETED_DEVICE_FAMILY = 1;
			};
			name = Release;
		};
/* End XCBuildConfiguration section */

/* Begin XCConfigurationList section */
		81C51A8325FBAF9700ACF933 /* Build configuration list for PBXProject "treasure" */ = {
			isa = XCConfigurationList;
			buildConfigurations = (
				81C51A9A25FBAF9900ACF933 /* Debug */,
				81C51A9B25FBAF9900ACF933 /* Release */,
			);
			defaultConfigurationIsVisible = 0;
			defaultConfigurationName = Release;
		};
		81C51A9C25FBAF9900ACF933 /* Build configuration list for PBXNativeTarget "treasure" */ = {
			isa = XCConfigurationList;
			buildConfigurations = (
				81C51A9D25FBAF9900ACF933 /* Debug */,
				81C51A9E25FBAF9900ACF933 /* Release */,
			);
			defaultConfigurationIsVisible = 0;
			defaultConfigurationName = Release;
		};
/* End XCConfigurationList section */
	};
	rootObject = 81C51A8025FBAF9700ACF933 /* Project object */;
}
